
Microsoft Visual Studio Solution File, Format Version 12.00
# Visual Studio Version 17
VisualStudioVersion = 17.0.31612.314
MinimumVisualStudioVersion = 10.0.40219.1
Project("{9A19103F-16F7-4668-BE54-9A1E7A4F7556}") = "Infinitesimal", "Infinitesimal\Infinitesimal.csproj", "{3933751E-8942-4C46-86EE-01FF296D5FAC}"
EndProject
Project("{9A19103F-16F7-4668-BE54-9A1E7A4F7556}") = "Infinitesimal.Demo", "Infinitesimal.Demo\Infinitesimal.Demo.csproj", "{2828ED04-FB16-439C-B34A-A8B9E41CFD38}"
EndProject
Project("{2150E333-8FDC-42A3-9474-1A3956D46DE8}") = "Solution Items", "Solution Items", "{A2F26A93-6D26-4E96-95B3-1E3CFDF554BC}"
	ProjectSection(SolutionItems) = preProject
		.editorconfig = .editorconfig
	EndProjectSection
EndProject
Global
	GlobalSection(SolutionConfigurationPlatforms) = preSolution
		Debug|Any CPU = Debug|Any CPU
		Release|Any CPU = Release|Any CPU
	EndGlobalSection
	GlobalSection(ProjectConfigurationPlatforms) = postSolution
		{3933751E-8942-4C46-86EE-01FF296D5FAC}.Debug|Any CPU.ActiveCfg = Debug|Any CPU
		{3933751E-8942-4C46-86EE-01FF296D5FAC}.Debug|Any CPU.Build.0 = Debug|Any CPU
		{3933751E-8942-4C46-86EE-01FF296D5FAC}.Release|Any CPU.ActiveCfg = Release|Any CPU
		{3933751E-8942-4C46-86EE-01FF296D5FAC}.Release|Any CPU.Build.0 = Release|Any CPU
		{2828ED04-FB16-439C-B34A-A8B9E41CFD38}.Debug|Any CPU.ActiveCfg = Debug|Any CPU
		{2828ED04-FB16-439C-B34A-A8B9E41CFD38}.Debug|Any CPU.Build.0 = Debug|Any CPU
		{2828ED04-FB16-439C-B34A-A8B9E41CFD38}.Release|Any CPU.ActiveCfg = Release|Any CPU
		{2828ED04-FB16-439C-B34A-A8B9E41CFD38}.Release|Any CPU.Build.0 = Release|Any CPU
	EndGlobalSection
	GlobalSection(SolutionProperties) = preSolution
		HideSolutionNode = FALSE
	EndGlobalSection
	GlobalSection(ExtensibilityGlobals) = postSolution
		SolutionGuid = {D9C978DF-D16C-46FE-87D7-3509106C30FB}
	EndGlobalSection
EndGlobal
